Microsoft Visual Studio Solution File, Format Version 12.00
# Visual Studio Express 2012 for Windows Desktop
Project("{8BC9CEB8-8B4A-11D0-8D11-00A0C91BC942}") = "eXosip", "eXosip.vcxproj", "{4EA67539-9EE9-4065-BD39-87E517FD8262}"
EndProject
Project("{8BC9CEB8-8B4A-11D0-8D11-00A0C91BC942}") = "osipparser2", "..\..\..\osip\platform\vsnet\osipparser2.vcxproj", "{44F46B7E-0E51-4304-9735-330DFBAB41E5}"
EndProject
Project("{8BC9CEB8-8B4A-11D0-8D11-00A0C91BC942}") = "osip2", "..\..\..\osip\platform\vsnet\osip2.vcxproj", "{85255507-5D16-4218-85E2-F683BB2F04DA}"
EndProject
Project("{8BC9CEB8-8B4A-11D0-8D11-00A0C91BC942}") = "libcares", "libcares.vcxproj", "{6BCE0E64-5A72-4243-B385-88E62C8E398A}"
EndProject
Project("{8BC9CEB8-8B4A-11D0-8D11-00A0C91BC942}") = "uas", "..\..\..\demo\uas\uas.vcxproj", "{D2F50861-F052-4C50-9855-756195B600D8}"
EndProject
Project("{2150E333-8FDC-42A3-9474-1A3956D46DE8}") = "eXosipDemo", "eXosipDemo", "{6A21FDC8-C0AC-4F3A-BFBD-18BF1B96FDC3}"
EndProject
Project("{8BC9CEB8-8B4A-11D0-8D11-00A0C91BC942}") = "uac", "..\..\..\demo\uac\uac.vcxproj", "{955D4955-89BF-4DF3-95F7-F523CA10EBF3}"
EndProject
Project("{8BC9CEB8-8B4A-11D0-8D11-00A0C91BC942}") = "osipDemo", "..\..\..\demo\osipDemo\osipDemo.vcxproj", "{E89FCFFD-780A-4012-B490-B34DF91EF9F1}"
EndProject
Project("{8BC9CEB8-8B4A-11D0-8D11-00A0C91BC942}") = "jrtplibDemo", "..\..\..\demo\jrtplibDemo\jrtplibDemo.vcxproj", "{4B39FFAB-6E3F-4D83-BA8F-D13ED35DABC0}"
EndProject
Global
	GlobalSection(SolutionConfigurationPlatforms) = preSolution
		Debug|Win32 = Debug|Win32
		Debug|x64 = Debug|x64
		Release|Win32 = Release|Win32
		Release|x64 = Release|x64
	EndGlobalSection
	GlobalSection(ProjectConfigurationPlatforms) = postSolution
		{4EA67539-9EE9-4065-BD39-87E517FD8262}.Debug|Win32.ActiveCfg = Debug|Win32
		{4EA67539-9EE9-4065-BD39-87E517FD8262}.Debug|Win32.Build.0 = Debug|Win32
		{4EA67539-9EE9-4065-BD39-87E517FD8262}.Debug|x64.ActiveCfg = Debug|x64
		{4EA67539-9EE9-4065-BD39-87E517FD8262}.Debug|x64.Build.0 = Debug|x64
		{4EA67539-9EE9-4065-BD39-87E517FD8262}.Release|Win32.ActiveCfg = Release|Win32
		{4EA67539-9EE9-4065-BD39-87E517FD8262}.Release|Win32.Build.0 = Release|Win32
		{4EA67539-9EE9-4065-BD39-87E517FD8262}.Release|x64.ActiveCfg = Release|x64
		{4EA67539-9EE9-4065-BD39-87E517FD8262}.Release|x64.Build.0 = Release|x64
		{44F46B7E-0E51-4304-9735-330DFBAB41E5}.Debug|Win32.ActiveCfg = Debug|Win32
		{44F46B7E-0E51-4304-9735-330DFBAB41E5}.Debug|Win32.Build.0 = Debug|Win32
		{44F46B7E-0E51-4304-9735-330DFBAB41E5}.Debug|x64.ActiveCfg = Debug|x64
		{44F46B7E-0E51-4304-9735-330DFBAB41E5}.Debug|x64.Build.0 = Debug|x64
		{44F46B7E-0E51-4304-9735-330DFBAB41E5}.Release|Win32.ActiveCfg = Release|Win32
		{44F46B7E-0E51-4304-9735-330DFBAB41E5}.Release|Win32.Build.0 = Release|Win32
		{44F46B7E-0E51-4304-9735-330DFBAB41E5}.Release|x64.ActiveCfg = Release|x64
		{44F46B7E-0E51-4304-9735-330DFBAB41E5}.Release|x64.Build.0 = Release|x64
		{85255507-5D16-4218-85E2-F683BB2F04DA}.Debug|Win32.ActiveCfg = Debug|Win32
		{85255507-5D16-4218-85E2-F683BB2F04DA}.Debug|Win32.Build.0 = Debug|Win32
		{85255507-5D16-4218-85E2-F683BB2F04DA}.Debug|x64.ActiveCfg = Debug|x64
		{85255507-5D16-4218-85E2-F683BB2F04DA}.Debug|x64.Build.0 = Debug|x64
		{85255507-5D16-4218-85E2-F683BB2F04DA}.Release|Win32.ActiveCfg = Release|Win32
		{85255507-5D16-4218-85E2-F683BB2F04DA}.Release|Win32.Build.0 = Release|Win32
		{85255507-5D16-4218-85E2-F683BB2F04DA}.Release|x64.ActiveCfg = Release|x64
		{85255507-5D16-4218-85E2-F683BB2F04DA}.Release|x64.Build.0 = Release|x64
		{6BCE0E64-5A72-4243-B385-88E62C8E398A}.Debug|Win32.ActiveCfg = Debug|Win32
		{6BCE0E64-5A72-4243-B385-88E62C8E398A}.Debug|Win32.Build.0 = Debug|Win32
		{6BCE0E64-5A72-4243-B385-88E62C8E398A}.Debug|x64.ActiveCfg = Debug|x64
		{6BCE0E64-5A72-4243-B385-88E62C8E398A}.Debug|x64.Build.0 = Debug|x64
		{6BCE0E64-5A72-4243-B385-88E62C8E398A}.Release|Win32.ActiveCfg = Release|Win32
		{6BCE0E64-5A72-4243-B385-88E62C8E398A}.Release|Win32.Build.0 = Release|Win32
		{6BCE0E64-5A72-4243-B385-88E62C8E398A}.Release|x64.ActiveCfg = Release|x64
		{6BCE0E64-5A72-4243-B385-88E62C8E398A}.Release|x64.Build.0 = Release|x64
		{D2F50861-F052-4C50-9855-756195B600D8}.Debug|Win32.ActiveCfg = Debug|Win32
		{D2F50861-F052-4C50-9855-756195B600D8}.Debug|Win32.Build.0 = Debug|Win32
		{D2F50861-F052-4C50-9855-756195B600D8}.Debug|x64.ActiveCfg = Debug|Win32
		{D2F50861-F052-4C50-9855-756195B600D8}.Release|Win32.ActiveCfg = Release|Win32
		{D2F50861-F052-4C50-9855-756195B600D8}.Release|Win32.Build.0 = Release|Win32
		{D2F50861-F052-4C50-9855-756195B600D8}.Release|x64.ActiveCfg = Release|Win32
		{955D4955-89BF-4DF3-95F7-F523CA10EBF3}.Debug|Win32.ActiveCfg = Debug|Win32
		{955D4955-89BF-4DF3-95F7-F523CA10EBF3}.Debug|Win32.Build.0 = Debug|Win32
		{955D4955-89BF-4DF3-95F7-F523CA10EBF3}.Debug|x64.ActiveCfg = Debug|Win32
		{955D4955-89BF-4DF3-95F7-F523CA10EBF3}.Release|Win32.ActiveCfg = Release|Win32
		{955D4955-89BF-4DF3-95F7-F523CA10EBF3}.Release|Win32.Build.0 = Release|Win32
		{955D4955-89BF-4DF3-95F7-F523CA10EBF3}.Release|x64.ActiveCfg = Release|Win32
		{E89FCFFD-780A-4012-B490-B34DF91EF9F1}.Debug|Win32.ActiveCfg = Debug|Win32
		{E89FCFFD-780A-4012-B490-B34DF91EF9F1}.Debug|Win32.Build.0 = Debug|Win32
		{E89FCFFD-780A-4012-B490-B34DF91EF9F1}.Debug|x64.ActiveCfg = Debug|Win32
		{E89FCFFD-780A-4012-B490-B34DF91EF9F1}.Release|Win32.ActiveCfg = Release|Win32
		{E89FCFFD-780A-4012-B490-B34DF91EF9F1}.Release|Win32.Build.0 = Release|Win32
		{E89FCFFD-780A-4012-B490-B34DF91EF9F1}.Release|x64.ActiveCfg = Release|Win32
		{4B39FFAB-6E3F-4D83-BA8F-D13ED35DABC0}.Debug|Win32.ActiveCfg = Debug|Win32
		{4B39FFAB-6E3F-4D83-BA8F-D13ED35DABC0}.Debug|Win32.Build.0 = Debug|Win32
		{4B39FFAB-6E3F-4D83-BA8F-D13ED35DABC0}.Debug|x64.ActiveCfg = Debug|Win32
		{4B39FFAB-6E3F-4D83-BA8F-D13ED35DABC0}.Release|Win32.ActiveCfg = Release|Win32
		{4B39FFAB-6E3F-4D83-BA8F-D13ED35DABC0}.Release|Win32.Build.0 = Release|Win32
		{4B39FFAB-6E3F-4D83-BA8F-D13ED35DABC0}.Release|x64.ActiveCfg = Release|Win32
	EndGlobalSection
	GlobalSection(SolutionProperties) = preSolution
		HideSolutionNode = FALSE
	EndGlobalSection
	GlobalSection(NestedProjects) = preSolution
		{D2F50861-F052-4C50-9855-756195B600D8} = {6A21FDC8-C0AC-4F3A-BFBD-18BF1B96FDC3}
		{955D4955-89BF-4DF3-95F7-F523CA10EBF3} = {6A21FDC8-C0AC-4F3A-BFBD-18BF1B96FDC3}
		{E89FCFFD-780A-4012-B490-B34DF91EF9F1} = {6A21FDC8-C0AC-4F3A-BFBD-18BF1B96FDC3}
		{4B39FFAB-6E3F-4D83-BA8F-D13ED35DABC0} = {6A21FDC8-C0AC-4F3A-BFBD-18BF1B96FDC3}
	EndGlobalSection
EndGlobal
