Microsoft Visual Studio Solution File, Format Version 11.00
# Visual Studio 2010
Project("{8BC9CEB8-8B4A-11D0-8D11-00A0C91BC942}") = "ALL_BUILD", "ALL_BUILD.vcxproj", "{3732D302-7448-31FB-8703-5BC0E2A966D4}"
	ProjectSection(ProjectDependencies) = postProject
		{ACEA3C18-B74C-36D8-9029-2502E2EB6E24} = {ACEA3C18-B74C-36D8-9029-2502E2EB6E24}
		{6CC0D2EE-ED79-3C4B-AEBF-404D6FD22B21} = {6CC0D2EE-ED79-3C4B-AEBF-404D6FD22B21}
		{E27AA088-CA20-3B90-98DB-19233F5E47CF} = {E27AA088-CA20-3B90-98DB-19233F5E47CF}
		{C3F38452-F709-3A0C-A0FE-9A5E7DCED649} = {C3F38452-F709-3A0C-A0FE-9A5E7DCED649}
		{53AD5576-9A7C-3871-A089-4416DF5D3258} = {53AD5576-9A7C-3871-A089-4416DF5D3258}
		{FB97F49A-01FA-3D2A-A1B3-A7FF84C95397} = {FB97F49A-01FA-3D2A-A1B3-A7FF84C95397}
		{C2576D03-E43E-39F3-9524-05424EA4E5F7} = {C2576D03-E43E-39F3-9524-05424EA4E5F7}
		{2A8871EF-3AFB-3C96-9C85-A15BA9D89C8D} = {2A8871EF-3AFB-3C96-9C85-A15BA9D89C8D}
		{9C22AACE-5D72-3295-A253-9B2CCFAC2113} = {9C22AACE-5D72-3295-A253-9B2CCFAC2113}
		{C8BE1D7B-A3C5-322E-B4E1-F8F10BEA8BED} = {C8BE1D7B-A3C5-322E-B4E1-F8F10BEA8BED}
		{7D887671-34AE-3449-A27A-C80AA1D044D5} = {7D887671-34AE-3449-A27A-C80AA1D044D5}
		{110A4E9D-DE77-3711-AD73-977AA3A55ADE} = {110A4E9D-DE77-3711-AD73-977AA3A55ADE}
		{3E726617-C8E1-3FB8-AA20-F380EF6C5D23} = {3E726617-C8E1-3FB8-AA20-F380EF6C5D23}
		{67085E32-69A6-32DC-B4FA-A5D83FBBDE20} = {67085E32-69A6-32DC-B4FA-A5D83FBBDE20}
		{F6168870-C722-3502-9388-CD29497D2B94} = {F6168870-C722-3502-9388-CD29497D2B94}
		{648AF604-75A4-3902-9EA3-CB686CC842A3} = {648AF604-75A4-3902-9EA3-CB686CC842A3}
		{5A05CDD5-43C6-31A7-8E54-E03E4B04CADD} = {5A05CDD5-43C6-31A7-8E54-E03E4B04CADD}
		{4A75ED31-E196-31F8-9587-7E5D63AF010F} = {4A75ED31-E196-31F8-9587-7E5D63AF010F}
		{21BE490E-AB3D-3C2B-9B18-0D6B6DE8A9FD} = {21BE490E-AB3D-3C2B-9B18-0D6B6DE8A9FD}
		{B91C3703-773C-3DFA-AFF3-876342AD66ED} = {B91C3703-773C-3DFA-AFF3-876342AD66ED}
		{22E24CFB-9420-34A6-B6C7-552BD07F8413} = {22E24CFB-9420-34A6-B6C7-552BD07F8413}
	EndProjectSection
EndProject
Project("{8BC9CEB8-8B4A-11D0-8D11-00A0C91BC942}") = "INSTALL", "INSTALL.vcxproj", "{CCD2722B-1863-37FD-B5A1-600879F643F7}"
	ProjectSection(ProjectDependencies) = postProject
		{3732D302-7448-31FB-8703-5BC0E2A966D4} = {3732D302-7448-31FB-8703-5BC0E2A966D4}
		{ACEA3C18-B74C-36D8-9029-2502E2EB6E24} = {ACEA3C18-B74C-36D8-9029-2502E2EB6E24}
	EndProjectSection
EndProject
Project("{8BC9CEB8-8B4A-11D0-8D11-00A0C91BC942}") = "ZERO_CHECK", "ZERO_CHECK.vcxproj", "{ACEA3C18-B74C-36D8-9029-2502E2EB6E24}"
	ProjectSection(ProjectDependencies) = postProject
	EndProjectSection
EndProject
Project("{8BC9CEB8-8B4A-11D0-8D11-00A0C91BC942}") = "abortdescipv6", "tests\abortdescipv6.vcxproj", "{6CC0D2EE-ED79-3C4B-AEBF-404D6FD22B21}"
	ProjectSection(ProjectDependencies) = postProject
		{ACEA3C18-B74C-36D8-9029-2502E2EB6E24} = {ACEA3C18-B74C-36D8-9029-2502E2EB6E24}
		{110A4E9D-DE77-3711-AD73-977AA3A55ADE} = {110A4E9D-DE77-3711-AD73-977AA3A55ADE}
	EndProjectSection
EndProject
Project("{8BC9CEB8-8B4A-11D0-8D11-00A0C91BC942}") = "abortdesctest", "tests\abortdesctest.vcxproj", "{E27AA088-CA20-3B90-98DB-19233F5E47CF}"
	ProjectSection(ProjectDependencies) = postProject
		{ACEA3C18-B74C-36D8-9029-2502E2EB6E24} = {ACEA3C18-B74C-36D8-9029-2502E2EB6E24}
		{110A4E9D-DE77-3711-AD73-977AA3A55ADE} = {110A4E9D-DE77-3711-AD73-977AA3A55ADE}
	EndProjectSection
EndProject
Project("{8BC9CEB8-8B4A-11D0-8D11-00A0C91BC942}") = "example1", "examples\example1.vcxproj", "{C3F38452-F709-3A0C-A0FE-9A5E7DCED649}"
	ProjectSection(ProjectDependencies) = postProject
		{ACEA3C18-B74C-36D8-9029-2502E2EB6E24} = {ACEA3C18-B74C-36D8-9029-2502E2EB6E24}
		{110A4E9D-DE77-3711-AD73-977AA3A55ADE} = {110A4E9D-DE77-3711-AD73-977AA3A55ADE}
	EndProjectSection
EndProject
Project("{8BC9CEB8-8B4A-11D0-8D11-00A0C91BC942}") = "example2", "examples\example2.vcxproj", "{53AD5576-9A7C-3871-A089-4416DF5D3258}"
	ProjectSection(ProjectDependencies) = postProject
		{ACEA3C18-B74C-36D8-9029-2502E2EB6E24} = {ACEA3C18-B74C-36D8-9029-2502E2EB6E24}
		{110A4E9D-DE77-3711-AD73-977AA3A55ADE} = {110A4E9D-DE77-3711-AD73-977AA3A55ADE}
	EndProjectSection
EndProject
Project("{8BC9CEB8-8B4A-11D0-8D11-00A0C91BC942}") = "example3", "examples\example3.vcxproj", "{FB97F49A-01FA-3D2A-A1B3-A7FF84C95397}"
	ProjectSection(ProjectDependencies) = postProject
		{ACEA3C18-B74C-36D8-9029-2502E2EB6E24} = {ACEA3C18-B74C-36D8-9029-2502E2EB6E24}
		{110A4E9D-DE77-3711-AD73-977AA3A55ADE} = {110A4E9D-DE77-3711-AD73-977AA3A55ADE}
	EndProjectSection
EndProject
Project("{8BC9CEB8-8B4A-11D0-8D11-00A0C91BC942}") = "example4", "examples\example4.vcxproj", "{C2576D03-E43E-39F3-9524-05424EA4E5F7}"
	ProjectSection(ProjectDependencies) = postProject
		{ACEA3C18-B74C-36D8-9029-2502E2EB6E24} = {ACEA3C18-B74C-36D8-9029-2502E2EB6E24}
		{110A4E9D-DE77-3711-AD73-977AA3A55ADE} = {110A4E9D-DE77-3711-AD73-977AA3A55ADE}
	EndProjectSection
EndProject
Project("{8BC9CEB8-8B4A-11D0-8D11-00A0C91BC942}") = "example5", "examples\example5.vcxproj", "{2A8871EF-3AFB-3C96-9C85-A15BA9D89C8D}"
	ProjectSection(ProjectDependencies) = postProject
		{ACEA3C18-B74C-36D8-9029-2502E2EB6E24} = {ACEA3C18-B74C-36D8-9029-2502E2EB6E24}
		{110A4E9D-DE77-3711-AD73-977AA3A55ADE} = {110A4E9D-DE77-3711-AD73-977AA3A55ADE}
	EndProjectSection
EndProject
Project("{8BC9CEB8-8B4A-11D0-8D11-00A0C91BC942}") = "example6", "examples\example6.vcxproj", "{9C22AACE-5D72-3295-A253-9B2CCFAC2113}"
	ProjectSection(ProjectDependencies) = postProject
		{ACEA3C18-B74C-36D8-9029-2502E2EB6E24} = {ACEA3C18-B74C-36D8-9029-2502E2EB6E24}
		{110A4E9D-DE77-3711-AD73-977AA3A55ADE} = {110A4E9D-DE77-3711-AD73-977AA3A55ADE}
	EndProjectSection
EndProject
Project("{8BC9CEB8-8B4A-11D0-8D11-00A0C91BC942}") = "example7", "examples\example7.vcxproj", "{C8BE1D7B-A3C5-322E-B4E1-F8F10BEA8BED}"
	ProjectSection(ProjectDependencies) = postProject
		{ACEA3C18-B74C-36D8-9029-2502E2EB6E24} = {ACEA3C18-B74C-36D8-9029-2502E2EB6E24}
		{110A4E9D-DE77-3711-AD73-977AA3A55ADE} = {110A4E9D-DE77-3711-AD73-977AA3A55ADE}
	EndProjectSection
EndProject
Project("{8BC9CEB8-8B4A-11D0-8D11-00A0C91BC942}") = "example8", "examples\example8.vcxproj", "{7D887671-34AE-3449-A27A-C80AA1D044D5}"
	ProjectSection(ProjectDependencies) = postProject
		{ACEA3C18-B74C-36D8-9029-2502E2EB6E24} = {ACEA3C18-B74C-36D8-9029-2502E2EB6E24}
		{110A4E9D-DE77-3711-AD73-977AA3A55ADE} = {110A4E9D-DE77-3711-AD73-977AA3A55ADE}
	EndProjectSection
EndProject
Project("{8BC9CEB8-8B4A-11D0-8D11-00A0C91BC942}") = "jrtplib-static", "src\jrtplib-static.vcxproj", "{110A4E9D-DE77-3711-AD73-977AA3A55ADE}"
	ProjectSection(ProjectDependencies) = postProject
		{ACEA3C18-B74C-36D8-9029-2502E2EB6E24} = {ACEA3C18-B74C-36D8-9029-2502E2EB6E24}
	EndProjectSection
EndProject
Project("{8BC9CEB8-8B4A-11D0-8D11-00A0C91BC942}") = "readlogfile", "tests\readlogfile.vcxproj", "{3E726617-C8E1-3FB8-AA20-F380EF6C5D23}"
	ProjectSection(ProjectDependencies) = postProject
		{ACEA3C18-B74C-36D8-9029-2502E2EB6E24} = {ACEA3C18-B74C-36D8-9029-2502E2EB6E24}
		{110A4E9D-DE77-3711-AD73-977AA3A55ADE} = {110A4E9D-DE77-3711-AD73-977AA3A55ADE}
	EndProjectSection
EndProject
Project("{8BC9CEB8-8B4A-11D0-8D11-00A0C91BC942}") = "rtcpdump", "tests\rtcpdump.vcxproj", "{67085E32-69A6-32DC-B4FA-A5D83FBBDE20}"
	ProjectSection(ProjectDependencies) = postProject
		{ACEA3C18-B74C-36D8-9029-2502E2EB6E24} = {ACEA3C18-B74C-36D8-9029-2502E2EB6E24}
		{110A4E9D-DE77-3711-AD73-977AA3A55ADE} = {110A4E9D-DE77-3711-AD73-977AA3A55ADE}
	EndProjectSection
EndProject
Project("{8BC9CEB8-8B4A-11D0-8D11-00A0C91BC942}") = "srtptest", "tests\srtptest.vcxproj", "{F6168870-C722-3502-9388-CD29497D2B94}"
	ProjectSection(ProjectDependencies) = postProject
		{ACEA3C18-B74C-36D8-9029-2502E2EB6E24} = {ACEA3C18-B74C-36D8-9029-2502E2EB6E24}
		{110A4E9D-DE77-3711-AD73-977AA3A55ADE} = {110A4E9D-DE77-3711-AD73-977AA3A55ADE}
	EndProjectSection
EndProject
Project("{8BC9CEB8-8B4A-11D0-8D11-00A0C91BC942}") = "tcptest", "tests\tcptest.vcxproj", "{648AF604-75A4-3902-9EA3-CB686CC842A3}"
	ProjectSection(ProjectDependencies) = postProject
		{ACEA3C18-B74C-36D8-9029-2502E2EB6E24} = {ACEA3C18-B74C-36D8-9029-2502E2EB6E24}
		{110A4E9D-DE77-3711-AD73-977AA3A55ADE} = {110A4E9D-DE77-3711-AD73-977AA3A55ADE}
	EndProjectSection
EndProject
Project("{8BC9CEB8-8B4A-11D0-8D11-00A0C91BC942}") = "testautoportbase", "tests\testautoportbase.vcxproj", "{5A05CDD5-43C6-31A7-8E54-E03E4B04CADD}"
	ProjectSection(ProjectDependencies) = postProject
		{ACEA3C18-B74C-36D8-9029-2502E2EB6E24} = {ACEA3C18-B74C-36D8-9029-2502E2EB6E24}
		{110A4E9D-DE77-3711-AD73-977AA3A55ADE} = {110A4E9D-DE77-3711-AD73-977AA3A55ADE}
	EndProjectSection
EndProject
Project("{8BC9CEB8-8B4A-11D0-8D11-00A0C91BC942}") = "testexistingsockets", "tests\testexistingsockets.vcxproj", "{4A75ED31-E196-31F8-9587-7E5D63AF010F}"
	ProjectSection(ProjectDependencies) = postProject
		{ACEA3C18-B74C-36D8-9029-2502E2EB6E24} = {ACEA3C18-B74C-36D8-9029-2502E2EB6E24}
		{110A4E9D-DE77-3711-AD73-977AA3A55ADE} = {110A4E9D-DE77-3711-AD73-977AA3A55ADE}
	EndProjectSection
EndProject
Project("{8BC9CEB8-8B4A-11D0-8D11-00A0C91BC942}") = "testmultiplex", "tests\testmultiplex.vcxproj", "{21BE490E-AB3D-3C2B-9B18-0D6B6DE8A9FD}"
	ProjectSection(ProjectDependencies) = postProject
		{ACEA3C18-B74C-36D8-9029-2502E2EB6E24} = {ACEA3C18-B74C-36D8-9029-2502E2EB6E24}
		{110A4E9D-DE77-3711-AD73-977AA3A55ADE} = {110A4E9D-DE77-3711-AD73-977AA3A55ADE}
	EndProjectSection
EndProject
Project("{8BC9CEB8-8B4A-11D0-8D11-00A0C91BC942}") = "timeinittest", "tests\timeinittest.vcxproj", "{B91C3703-773C-3DFA-AFF3-876342AD66ED}"
	ProjectSection(ProjectDependencies) = postProject
		{ACEA3C18-B74C-36D8-9029-2502E2EB6E24} = {ACEA3C18-B74C-36D8-9029-2502E2EB6E24}
		{110A4E9D-DE77-3711-AD73-977AA3A55ADE} = {110A4E9D-DE77-3711-AD73-977AA3A55ADE}
	EndProjectSection
EndProject
Project("{8BC9CEB8-8B4A-11D0-8D11-00A0C91BC942}") = "timetest", "tests\timetest.vcxproj", "{22E24CFB-9420-34A6-B6C7-552BD07F8413}"
	ProjectSection(ProjectDependencies) = postProject
		{ACEA3C18-B74C-36D8-9029-2502E2EB6E24} = {ACEA3C18-B74C-36D8-9029-2502E2EB6E24}
		{110A4E9D-DE77-3711-AD73-977AA3A55ADE} = {110A4E9D-DE77-3711-AD73-977AA3A55ADE}
	EndProjectSection
EndProject
Global
	GlobalSection(SolutionConfigurationPlatforms) = preSolution
		Debug|Win32 = Debug|Win32
		Release|Win32 = Release|Win32
		MinSizeRel|Win32 = MinSizeRel|Win32
		RelWithDebInfo|Win32 = RelWithDebInfo|Win32
	EndGlobalSection
	GlobalSection(ProjectConfigurationPlatforms) = postSolution
		{3732D302-7448-31FB-8703-5BC0E2A966D4}.Debug|Win32.ActiveCfg = Debug|Win32
		{3732D302-7448-31FB-8703-5BC0E2A966D4}.Debug|Win32.Build.0 = Debug|Win32
		{3732D302-7448-31FB-8703-5BC0E2A966D4}.Release|Win32.ActiveCfg = Release|Win32
		{3732D302-7448-31FB-8703-5BC0E2A966D4}.Release|Win32.Build.0 = Release|Win32
		{3732D302-7448-31FB-8703-5BC0E2A966D4}.MinSizeRel|Win32.ActiveCfg = MinSizeRel|Win32
		{3732D302-7448-31FB-8703-5BC0E2A966D4}.MinSizeRel|Win32.Build.0 = MinSizeRel|Win32
		{3732D302-7448-31FB-8703-5BC0E2A966D4}.RelWithDebInfo|Win32.ActiveCfg = RelWithDebInfo|Win32
		{3732D302-7448-31FB-8703-5BC0E2A966D4}.RelWithDebInfo|Win32.Build.0 = RelWithDebInfo|Win32
		{CCD2722B-1863-37FD-B5A1-600879F643F7}.Debug|Win32.ActiveCfg = Debug|Win32
		{CCD2722B-1863-37FD-B5A1-600879F643F7}.Release|Win32.ActiveCfg = Release|Win32
		{CCD2722B-1863-37FD-B5A1-600879F643F7}.MinSizeRel|Win32.ActiveCfg = MinSizeRel|Win32
		{CCD2722B-1863-37FD-B5A1-600879F643F7}.RelWithDebInfo|Win32.ActiveCfg = RelWithDebInfo|Win32
		{ACEA3C18-B74C-36D8-9029-2502E2EB6E24}.Debug|Win32.ActiveCfg = Debug|Win32
		{ACEA3C18-B74C-36D8-9029-2502E2EB6E24}.Debug|Win32.Build.0 = Debug|Win32
		{ACEA3C18-B74C-36D8-9029-2502E2EB6E24}.Release|Win32.ActiveCfg = Release|Win32
		{ACEA3C18-B74C-36D8-9029-2502E2EB6E24}.Release|Win32.Build.0 = Release|Win32
		{ACEA3C18-B74C-36D8-9029-2502E2EB6E24}.MinSizeRel|Win32.ActiveCfg = MinSizeRel|Win32
		{ACEA3C18-B74C-36D8-9029-2502E2EB6E24}.MinSizeRel|Win32.Build.0 = MinSizeRel|Win32
		{ACEA3C18-B74C-36D8-9029-2502E2EB6E24}.RelWithDebInfo|Win32.ActiveCfg = RelWithDebInfo|Win32
		{ACEA3C18-B74C-36D8-9029-2502E2EB6E24}.RelWithDebInfo|Win32.Build.0 = RelWithDebInfo|Win32
		{6CC0D2EE-ED79-3C4B-AEBF-404D6FD22B21}.Debug|Win32.ActiveCfg = Debug|Win32
		{6CC0D2EE-ED79-3C4B-AEBF-404D6FD22B21}.Debug|Win32.Build.0 = Debug|Win32
		{6CC0D2EE-ED79-3C4B-AEBF-404D6FD22B21}.Release|Win32.ActiveCfg = Release|Win32
		{6CC0D2EE-ED79-3C4B-AEBF-404D6FD22B21}.Release|Win32.Build.0 = Release|Win32
		{6CC0D2EE-ED79-3C4B-AEBF-404D6FD22B21}.MinSizeRel|Win32.ActiveCfg = MinSizeRel|Win32
		{6CC0D2EE-ED79-3C4B-AEBF-404D6FD22B21}.MinSizeRel|Win32.Build.0 = MinSizeRel|Win32
		{6CC0D2EE-ED79-3C4B-AEBF-404D6FD22B21}.RelWithDebInfo|Win32.ActiveCfg = RelWithDebInfo|Win32
		{6CC0D2EE-ED79-3C4B-AEBF-404D6FD22B21}.RelWithDebInfo|Win32.Build.0 = RelWithDebInfo|Win32
		{E27AA088-CA20-3B90-98DB-19233F5E47CF}.Debug|Win32.ActiveCfg = Debug|Win32
		{E27AA088-CA20-3B90-98DB-19233F5E47CF}.Debug|Win32.Build.0 = Debug|Win32
		{E27AA088-CA20-3B90-98DB-19233F5E47CF}.Release|Win32.ActiveCfg = Release|Win32
		{E27AA088-CA20-3B90-98DB-19233F5E47CF}.Release|Win32.Build.0 = Release|Win32
		{E27AA088-CA20-3B90-98DB-19233F5E47CF}.MinSizeRel|Win32.ActiveCfg = MinSizeRel|Win32
		{E27AA088-CA20-3B90-98DB-19233F5E47CF}.MinSizeRel|Win32.Build.0 = MinSizeRel|Win32
		{E27AA088-CA20-3B90-98DB-19233F5E47CF}.RelWithDebInfo|Win32.ActiveCfg = RelWithDebInfo|Win32
		{E27AA088-CA20-3B90-98DB-19233F5E47CF}.RelWithDebInfo|Win32.Build.0 = RelWithDebInfo|Win32
		{C3F38452-F709-3A0C-A0FE-9A5E7DCED649}.Debug|Win32.ActiveCfg = Debug|Win32
		{C3F38452-F709-3A0C-A0FE-9A5E7DCED649}.Debug|Win32.Build.0 = Debug|Win32
		{C3F38452-F709-3A0C-A0FE-9A5E7DCED649}.Release|Win32.ActiveCfg = Release|Win32
		{C3F38452-F709-3A0C-A0FE-9A5E7DCED649}.Release|Win32.Build.0 = Release|Win32
		{C3F38452-F709-3A0C-A0FE-9A5E7DCED649}.MinSizeRel|Win32.ActiveCfg = MinSizeRel|Win32
		{C3F38452-F709-3A0C-A0FE-9A5E7DCED649}.MinSizeRel|Win32.Build.0 = MinSizeRel|Win32
		{C3F38452-F709-3A0C-A0FE-9A5E7DCED649}.RelWithDebInfo|Win32.ActiveCfg = RelWithDebInfo|Win32
		{C3F38452-F709-3A0C-A0FE-9A5E7DCED649}.RelWithDebInfo|Win32.Build.0 = RelWithDebInfo|Win32
		{53AD5576-9A7C-3871-A089-4416DF5D3258}.Debug|Win32.ActiveCfg = Debug|Win32
		{53AD5576-9A7C-3871-A089-4416DF5D3258}.Debug|Win32.Build.0 = Debug|Win32
		{53AD5576-9A7C-3871-A089-4416DF5D3258}.Release|Win32.ActiveCfg = Release|Win32
		{53AD5576-9A7C-3871-A089-4416DF5D3258}.Release|Win32.Build.0 = Release|Win32
		{53AD5576-9A7C-3871-A089-4416DF5D3258}.MinSizeRel|Win32.ActiveCfg = MinSizeRel|Win32
		{53AD5576-9A7C-3871-A089-4416DF5D3258}.MinSizeRel|Win32.Build.0 = MinSizeRel|Win32
		{53AD5576-9A7C-3871-A089-4416DF5D3258}.RelWithDebInfo|Win32.ActiveCfg = RelWithDebInfo|Win32
		{53AD5576-9A7C-3871-A089-4416DF5D3258}.RelWithDebInfo|Win32.Build.0 = RelWithDebInfo|Win32
		{FB97F49A-01FA-3D2A-A1B3-A7FF84C95397}.Debug|Win32.ActiveCfg = Debug|Win32
		{FB97F49A-01FA-3D2A-A1B3-A7FF84C95397}.Debug|Win32.Build.0 = Debug|Win32
		{FB97F49A-01FA-3D2A-A1B3-A7FF84C95397}.Release|Win32.ActiveCfg = Release|Win32
		{FB97F49A-01FA-3D2A-A1B3-A7FF84C95397}.Release|Win32.Build.0 = Release|Win32
		{FB97F49A-01FA-3D2A-A1B3-A7FF84C95397}.MinSizeRel|Win32.ActiveCfg = MinSizeRel|Win32
		{FB97F49A-01FA-3D2A-A1B3-A7FF84C95397}.MinSizeRel|Win32.Build.0 = MinSizeRel|Win32
		{FB97F49A-01FA-3D2A-A1B3-A7FF84C95397}.RelWithDebInfo|Win32.ActiveCfg = RelWithDebInfo|Win32
		{FB97F49A-01FA-3D2A-A1B3-A7FF84C95397}.RelWithDebInfo|Win32.Build.0 = RelWithDebInfo|Win32
		{C2576D03-E43E-39F3-9524-05424EA4E5F7}.Debug|Win32.ActiveCfg = Debug|Win32
		{C2576D03-E43E-39F3-9524-05424EA4E5F7}.Debug|Win32.Build.0 = Debug|Win32
		{C2576D03-E43E-39F3-9524-05424EA4E5F7}.Release|Win32.ActiveCfg = Release|Win32
		{C2576D03-E43E-39F3-9524-05424EA4E5F7}.Release|Win32.Build.0 = Release|Win32
		{C2576D03-E43E-39F3-9524-05424EA4E5F7}.MinSizeRel|Win32.ActiveCfg = MinSizeRel|Win32
		{C2576D03-E43E-39F3-9524-05424EA4E5F7}.MinSizeRel|Win32.Build.0 = MinSizeRel|Win32
		{C2576D03-E43E-39F3-9524-05424EA4E5F7}.RelWithDebInfo|Win32.ActiveCfg = RelWithDebInfo|Win32
		{C2576D03-E43E-39F3-9524-05424EA4E5F7}.RelWithDebInfo|Win32.Build.0 = RelWithDebInfo|Win32
		{2A8871EF-3AFB-3C96-9C85-A15BA9D89C8D}.Debug|Win32.ActiveCfg = Debug|Win32
		{2A8871EF-3AFB-3C96-9C85-A15BA9D89C8D}.Debug|Win32.Build.0 = Debug|Win32
		{2A8871EF-3AFB-3C96-9C85-A15BA9D89C8D}.Release|Win32.ActiveCfg = Release|Win32
		{2A8871EF-3AFB-3C96-9C85-A15BA9D89C8D}.Release|Win32.Build.0 = Release|Win32
		{2A8871EF-3AFB-3C96-9C85-A15BA9D89C8D}.MinSizeRel|Win32.ActiveCfg = MinSizeRel|Win32
		{2A8871EF-3AFB-3C96-9C85-A15BA9D89C8D}.MinSizeRel|Win32.Build.0 = MinSizeRel|Win32
		{2A8871EF-3AFB-3C96-9C85-A15BA9D89C8D}.RelWithDebInfo|Win32.ActiveCfg = RelWithDebInfo|Win32
		{2A8871EF-3AFB-3C96-9C85-A15BA9D89C8D}.RelWithDebInfo|Win32.Build.0 = RelWithDebInfo|Win32
		{9C22AACE-5D72-3295-A253-9B2CCFAC2113}.Debug|Win32.ActiveCfg = Debug|Win32
		{9C22AACE-5D72-3295-A253-9B2CCFAC2113}.Debug|Win32.Build.0 = Debug|Win32
		{9C22AACE-5D72-3295-A253-9B2CCFAC2113}.Release|Win32.ActiveCfg = Release|Win32
		{9C22AACE-5D72-3295-A253-9B2CCFAC2113}.Release|Win32.Build.0 = Release|Win32
		{9C22AACE-5D72-3295-A253-9B2CCFAC2113}.MinSizeRel|Win32.ActiveCfg = MinSizeRel|Win32
		{9C22AACE-5D72-3295-A253-9B2CCFAC2113}.MinSizeRel|Win32.Build.0 = MinSizeRel|Win32
		{9C22AACE-5D72-3295-A253-9B2CCFAC2113}.RelWithDebInfo|Win32.ActiveCfg = RelWithDebInfo|Win32
		{9C22AACE-5D72-3295-A253-9B2CCFAC2113}.RelWithDebInfo|Win32.Build.0 = RelWithDebInfo|Win32
		{C8BE1D7B-A3C5-322E-B4E1-F8F10BEA8BED}.Debug|Win32.ActiveCfg = Debug|Win32
		{C8BE1D7B-A3C5-322E-B4E1-F8F10BEA8BED}.Debug|Win32.Build.0 = Debug|Win32
		{C8BE1D7B-A3C5-322E-B4E1-F8F10BEA8BED}.Release|Win32.ActiveCfg = Release|Win32
		{C8BE1D7B-A3C5-322E-B4E1-F8F10BEA8BED}.Release|Win32.Build.0 = Release|Win32
		{C8BE1D7B-A3C5-322E-B4E1-F8F10BEA8BED}.MinSizeRel|Win32.ActiveCfg = MinSizeRel|Win32
		{C8BE1D7B-A3C5-322E-B4E1-F8F10BEA8BED}.MinSizeRel|Win32.Build.0 = MinSizeRel|Win32
		{C8BE1D7B-A3C5-322E-B4E1-F8F10BEA8BED}.RelWithDebInfo|Win32.ActiveCfg = RelWithDebInfo|Win32
		{C8BE1D7B-A3C5-322E-B4E1-F8F10BEA8BED}.RelWithDebInfo|Win32.Build.0 = RelWithDebInfo|Win32
		{7D887671-34AE-3449-A27A-C80AA1D044D5}.Debug|Win32.ActiveCfg = Debug|Win32
		{7D887671-34AE-3449-A27A-C80AA1D044D5}.Debug|Win32.Build.0 = Debug|Win32
		{7D887671-34AE-3449-A27A-C80AA1D044D5}.Release|Win32.ActiveCfg = Release|Win32
		{7D887671-34AE-3449-A27A-C80AA1D044D5}.Release|Win32.Build.0 = Release|Win32
		{7D887671-34AE-3449-A27A-C80AA1D044D5}.MinSizeRel|Win32.ActiveCfg = MinSizeRel|Win32
		{7D887671-34AE-3449-A27A-C80AA1D044D5}.MinSizeRel|Win32.Build.0 = MinSizeRel|Win32
		{7D887671-34AE-3449-A27A-C80AA1D044D5}.RelWithDebInfo|Win32.ActiveCfg = RelWithDebInfo|Win32
		{7D887671-34AE-3449-A27A-C80AA1D044D5}.RelWithDebInfo|Win32.Build.0 = RelWithDebInfo|Win32
		{110A4E9D-DE77-3711-AD73-977AA3A55ADE}.Debug|Win32.ActiveCfg = Debug|Win32
		{110A4E9D-DE77-3711-AD73-977AA3A55ADE}.Debug|Win32.Build.0 = Debug|Win32
		{110A4E9D-DE77-3711-AD73-977AA3A55ADE}.Release|Win32.ActiveCfg = Release|Win32
		{110A4E9D-DE77-3711-AD73-977AA3A55ADE}.Release|Win32.Build.0 = Release|Win32
		{110A4E9D-DE77-3711-AD73-977AA3A55ADE}.MinSizeRel|Win32.ActiveCfg = MinSizeRel|Win32
		{110A4E9D-DE77-3711-AD73-977AA3A55ADE}.MinSizeRel|Win32.Build.0 = MinSizeRel|Win32
		{110A4E9D-DE77-3711-AD73-977AA3A55ADE}.RelWithDebInfo|Win32.ActiveCfg = RelWithDebInfo|Win32
		{110A4E9D-DE77-3711-AD73-977AA3A55ADE}.RelWithDebInfo|Win32.Build.0 = RelWithDebInfo|Win32
		{3E726617-C8E1-3FB8-AA20-F380EF6C5D23}.Debug|Win32.ActiveCfg = Debug|Win32
		{3E726617-C8E1-3FB8-AA20-F380EF6C5D23}.Debug|Win32.Build.0 = Debug|Win32
		{3E726617-C8E1-3FB8-AA20-F380EF6C5D23}.Release|Win32.ActiveCfg = Release|Win32
		{3E726617-C8E1-3FB8-AA20-F380EF6C5D23}.Release|Win32.Build.0 = Release|Win32
		{3E726617-C8E1-3FB8-AA20-F380EF6C5D23}.MinSizeRel|Win32.ActiveCfg = MinSizeRel|Win32
		{3E726617-C8E1-3FB8-AA20-F380EF6C5D23}.MinSizeRel|Win32.Build.0 = MinSizeRel|Win32
		{3E726617-C8E1-3FB8-AA20-F380EF6C5D23}.RelWithDebInfo|Win32.ActiveCfg = RelWithDebInfo|Win32
		{3E726617-C8E1-3FB8-AA20-F380EF6C5D23}.RelWithDebInfo|Win32.Build.0 = RelWithDebInfo|Win32
		{67085E32-69A6-32DC-B4FA-A5D83FBBDE20}.Debug|Win32.ActiveCfg = Debug|Win32
		{67085E32-69A6-32DC-B4FA-A5D83FBBDE20}.Debug|Win32.Build.0 = Debug|Win32
		{67085E32-69A6-32DC-B4FA-A5D83FBBDE20}.Release|Win32.ActiveCfg = Release|Win32
		{67085E32-69A6-32DC-B4FA-A5D83FBBDE20}.Release|Win32.Build.0 = Release|Win32
		{67085E32-69A6-32DC-B4FA-A5D83FBBDE20}.MinSizeRel|Win32.ActiveCfg = MinSizeRel|Win32
		{67085E32-69A6-32DC-B4FA-A5D83FBBDE20}.MinSizeRel|Win32.Build.0 = MinSizeRel|Win32
		{67085E32-69A6-32DC-B4FA-A5D83FBBDE20}.RelWithDebInfo|Win32.ActiveCfg = RelWithDebInfo|Win32
		{67085E32-69A6-32DC-B4FA-A5D83FBBDE20}.RelWithDebInfo|Win32.Build.0 = RelWithDebInfo|Win32
		{F6168870-C722-3502-9388-CD29497D2B94}.Debug|Win32.ActiveCfg = Debug|Win32
		{F6168870-C722-3502-9388-CD29497D2B94}.Debug|Win32.Build.0 = Debug|Win32
		{F6168870-C722-3502-9388-CD29497D2B94}.Release|Win32.ActiveCfg = Release|Win32
		{F6168870-C722-3502-9388-CD29497D2B94}.Release|Win32.Build.0 = Release|Win32
		{F6168870-C722-3502-9388-CD29497D2B94}.MinSizeRel|Win32.ActiveCfg = MinSizeRel|Win32
		{F6168870-C722-3502-9388-CD29497D2B94}.MinSizeRel|Win32.Build.0 = MinSizeRel|Win32
		{F6168870-C722-3502-9388-CD29497D2B94}.RelWithDebInfo|Win32.ActiveCfg = RelWithDebInfo|Win32
		{F6168870-C722-3502-9388-CD29497D2B94}.RelWithDebInfo|Win32.Build.0 = RelWithDebInfo|Win32
		{648AF604-75A4-3902-9EA3-CB686CC842A3}.Debug|Win32.ActiveCfg = Debug|Win32
		{648AF604-75A4-3902-9EA3-CB686CC842A3}.Debug|Win32.Build.0 = Debug|Win32
		{648AF604-75A4-3902-9EA3-CB686CC842A3}.Release|Win32.ActiveCfg = Release|Win32
		{648AF604-75A4-3902-9EA3-CB686CC842A3}.Release|Win32.Build.0 = Release|Win32
		{648AF604-75A4-3902-9EA3-CB686CC842A3}.MinSizeRel|Win32.ActiveCfg = MinSizeRel|Win32
		{648AF604-75A4-3902-9EA3-CB686CC842A3}.MinSizeRel|Win32.Build.0 = MinSizeRel|Win32
		{648AF604-75A4-3902-9EA3-CB686CC842A3}.RelWithDebInfo|Win32.ActiveCfg = RelWithDebInfo|Win32
		{648AF604-75A4-3902-9EA3-CB686CC842A3}.RelWithDebInfo|Win32.Build.0 = RelWithDebInfo|Win32
		{5A05CDD5-43C6-31A7-8E54-E03E4B04CADD}.Debug|Win32.ActiveCfg = Debug|Win32
		{5A05CDD5-43C6-31A7-8E54-E03E4B04CADD}.Debug|Win32.Build.0 = Debug|Win32
		{5A05CDD5-43C6-31A7-8E54-E03E4B04CADD}.Release|Win32.ActiveCfg = Release|Win32
		{5A05CDD5-43C6-31A7-8E54-E03E4B04CADD}.Release|Win32.Build.0 = Release|Win32
		{5A05CDD5-43C6-31A7-8E54-E03E4B04CADD}.MinSizeRel|Win32.ActiveCfg = MinSizeRel|Win32
		{5A05CDD5-43C6-31A7-8E54-E03E4B04CADD}.MinSizeRel|Win32.Build.0 = MinSizeRel|Win32
		{5A05CDD5-43C6-31A7-8E54-E03E4B04CADD}.RelWithDebInfo|Win32.ActiveCfg = RelWithDebInfo|Win32
		{5A05CDD5-43C6-31A7-8E54-E03E4B04CADD}.RelWithDebInfo|Win32.Build.0 = RelWithDebInfo|Win32
		{4A75ED31-E196-31F8-9587-7E5D63AF010F}.Debug|Win32.ActiveCfg = Debug|Win32
		{4A75ED31-E196-31F8-9587-7E5D63AF010F}.Debug|Win32.Build.0 = Debug|Win32
		{4A75ED31-E196-31F8-9587-7E5D63AF010F}.Release|Win32.ActiveCfg = Release|Win32
		{4A75ED31-E196-31F8-9587-7E5D63AF010F}.Release|Win32.Build.0 = Release|Win32
		{4A75ED31-E196-31F8-9587-7E5D63AF010F}.MinSizeRel|Win32.ActiveCfg = MinSizeRel|Win32
		{4A75ED31-E196-31F8-9587-7E5D63AF010F}.MinSizeRel|Win32.Build.0 = MinSizeRel|Win32
		{4A75ED31-E196-31F8-9587-7E5D63AF010F}.RelWithDebInfo|Win32.ActiveCfg = RelWithDebInfo|Win32
		{4A75ED31-E196-31F8-9587-7E5D63AF010F}.RelWithDebInfo|Win32.Build.0 = RelWithDebInfo|Win32
		{21BE490E-AB3D-3C2B-9B18-0D6B6DE8A9FD}.Debug|Win32.ActiveCfg = Debug|Win32
		{21BE490E-AB3D-3C2B-9B18-0D6B6DE8A9FD}.Debug|Win32.Build.0 = Debug|Win32
		{21BE490E-AB3D-3C2B-9B18-0D6B6DE8A9FD}.Release|Win32.ActiveCfg = Release|Win32
		{21BE490E-AB3D-3C2B-9B18-0D6B6DE8A9FD}.Release|Win32.Build.0 = Release|Win32
		{21BE490E-AB3D-3C2B-9B18-0D6B6DE8A9FD}.MinSizeRel|Win32.ActiveCfg = MinSizeRel|Win32
		{21BE490E-AB3D-3C2B-9B18-0D6B6DE8A9FD}.MinSizeRel|Win32.Build.0 = MinSizeRel|Win32
		{21BE490E-AB3D-3C2B-9B18-0D6B6DE8A9FD}.RelWithDebInfo|Win32.ActiveCfg = RelWithDebInfo|Win32
		{21BE490E-AB3D-3C2B-9B18-0D6B6DE8A9FD}.RelWithDebInfo|Win32.Build.0 = RelWithDebInfo|Win32
		{B91C3703-773C-3DFA-AFF3-876342AD66ED}.Debug|Win32.ActiveCfg = Debug|Win32
		{B91C3703-773C-3DFA-AFF3-876342AD66ED}.Debug|Win32.Build.0 = Debug|Win32
		{B91C3703-773C-3DFA-AFF3-876342AD66ED}.Release|Win32.ActiveCfg = Release|Win32
		{B91C3703-773C-3DFA-AFF3-876342AD66ED}.Release|Win32.Build.0 = Release|Win32
		{B91C3703-773C-3DFA-AFF3-876342AD66ED}.MinSizeRel|Win32.ActiveCfg = MinSizeRel|Win32
		{B91C3703-773C-3DFA-AFF3-876342AD66ED}.MinSizeRel|Win32.Build.0 = MinSizeRel|Win32
		{B91C3703-773C-3DFA-AFF3-876342AD66ED}.RelWithDebInfo|Win32.ActiveCfg = RelWithDebInfo|Win32
		{B91C3703-773C-3DFA-AFF3-876342AD66ED}.RelWithDebInfo|Win32.Build.0 = RelWithDebInfo|Win32
		{22E24CFB-9420-34A6-B6C7-552BD07F8413}.Debug|Win32.ActiveCfg = Debug|Win32
		{22E24CFB-9420-34A6-B6C7-552BD07F8413}.Debug|Win32.Build.0 = Debug|Win32
		{22E24CFB-9420-34A6-B6C7-552BD07F8413}.Release|Win32.ActiveCfg = Release|Win32
		{22E24CFB-9420-34A6-B6C7-552BD07F8413}.Release|Win32.Build.0 = Release|Win32
		{22E24CFB-9420-34A6-B6C7-552BD07F8413}.MinSizeRel|Win32.ActiveCfg = MinSizeRel|Win32
		{22E24CFB-9420-34A6-B6C7-552BD07F8413}.MinSizeRel|Win32.Build.0 = MinSizeRel|Win32
		{22E24CFB-9420-34A6-B6C7-552BD07F8413}.RelWithDebInfo|Win32.ActiveCfg = RelWithDebInfo|Win32
		{22E24CFB-9420-34A6-B6C7-552BD07F8413}.RelWithDebInfo|Win32.Build.0 = RelWithDebInfo|Win32
	EndGlobalSection
	GlobalSection(ExtensibilityGlobals) = postSolution
	EndGlobalSection
	GlobalSection(ExtensibilityAddIns) = postSolution
	EndGlobalSection
EndGlobal
